github.com/adriansr/fsnotify v0.0.0-20180417234312-c9bbe1f46f1d h1:g0M6kedfjDpyAAuxqBvJzMNjFzlrQ7Av6LCDFqWierk=
github.com/adriansr/fsnotify v0.0.0-20180417234312-c9bbe1f46f1d/go.mod h1:VykaKG/ofkKje+MSvqjrDsz1wfyHIvEVFljhq2EOZ4g=
golang.org/x/sys v0.0.0-20200812155832-6a926be9bd1d h1:QQrM/CCYEzTs91GZylDCQjGHudbPTxF/1fvXdVh5lMo=
golang.org/x/sys v0.0.0-20200812155832-6a926be9bd1d/go.mod h1:h1NjWce9XRLGQEsW7wpKNCjG9DtNlClVuFLEZdDNbEs=
